
Microsoft Visual Studio Solution File, Format Version 12.00
# Visual Studio Version 17
VisualStudioVersion = 17.3.32929.385
MinimumVisualStudioVersion = 10.0.40219.1
Project("{9A19103F-16F7-4668-BE54-9A1E7A4F7556}") = "WebApp", "WebApp.csproj", "{1006BE1A-2588-4AEC-9A45-B85B785A5832}"
EndProject
Project("{9A19103F-16F7-4668-BE54-9A1E7A4F7556}") = "API", "..\API\API.csproj", "{32832151-C0B4-4498-9F0E-E314BD50515E}"
EndProject
Project("{FAE04EC0-301F-11D3-BF4B-00C04F79EFBC}") = "Client", "..\Client\Client.csproj", "{3A56F82F-9B0A-4E3B-8176-46A01169CE2B}"
EndProject
Global
	GlobalSection(SolutionConfigurationPlatforms) = preSolution
		Debug|Any CPU = Debug|Any CPU
		Release|Any CPU = Release|Any CPU
	EndGlobalSection
	GlobalSection(ProjectConfigurationPlatforms) = postSolution
		{1006BE1A-2588-4AEC-9A45-B85B785A5832}.Debug|Any CPU.ActiveCfg = Debug|Any CPU
		{1006BE1A-2588-4AEC-9A45-B85B785A5832}.Debug|Any CPU.Build.0 = Debug|Any CPU
		{1006BE1A-2588-4AEC-9A45-B85B785A5832}.Release|Any CPU.ActiveCfg = Release|Any CPU
		{1006BE1A-2588-4AEC-9A45-B85B785A5832}.Release|Any CPU.Build.0 = Release|Any CPU
		{32832151-C0B4-4498-9F0E-E314BD50515E}.Debug|Any CPU.ActiveCfg = Debug|Any CPU
		{32832151-C0B4-4498-9F0E-E314BD50515E}.Debug|Any CPU.Build.0 = Debug|Any CPU
		{32832151-C0B4-4498-9F0E-E314BD50515E}.Release|Any CPU.ActiveCfg = Release|Any CPU
		{32832151-C0B4-4498-9F0E-E314BD50515E}.Release|Any CPU.Build.0 = Release|Any CPU
		{3A56F82F-9B0A-4E3B-8176-46A01169CE2B}.Debug|Any CPU.ActiveCfg = Debug|Any CPU
		{3A56F82F-9B0A-4E3B-8176-46A01169CE2B}.Debug|Any CPU.Build.0 = Debug|Any CPU
		{3A56F82F-9B0A-4E3B-8176-46A01169CE2B}.Release|Any CPU.ActiveCfg = Release|Any CPU
		{3A56F82F-9B0A-4E3B-8176-46A01169CE2B}.Release|Any CPU.Build.0 = Release|Any CPU
	EndGlobalSection
	GlobalSection(SolutionProperties) = preSolution
		HideSolutionNode = FALSE
	EndGlobalSection
	GlobalSection(ExtensibilityGlobals) = postSolution
		SolutionGuid = {47611EE2-C837-4871-BB8F-7501ED25A90D}
	EndGlobalSection
EndGlobal
